
Microsoft Visual Studio Solution File, Format Version 12.00
# Visual Studio 2013
VisualStudioVersion = 12.0.31101.0
MinimumVisualStudioVersion = 10.0.40219.1
Project("{FAE04EC0-301F-11D3-BF4B-00C04F79EFBC}") = "BetterCloud.CustomerAdmin.Web", "BetterCloud.CustomerAdmin.Web\BetterCloud.CustomerAdmin.Web.csproj", "{C3064CF5-0C9E-4704-9A65-5E97C5E46305}"
EndProject
Project("{FAE04EC0-301F-11D3-BF4B-00C04F79EFBC}") = "BetterCloud.CustomerAdmin.Web.Tests", "BetterCloud.CustomerAdmin.Web.Tests\BetterCloud.CustomerAdmin.Web.Tests.csproj", "{23F085DC-B5E1-4DA3-97F5-DC985C033D6C}"
EndProject
Project("{FAE04EC0-301F-11D3-BF4B-00C04F79EFBC}") = "BetterCloud.CustomerAdmin.Common", "BetterCloud.CustomerAdmin.Common\BetterCloud.CustomerAdmin.Common.csproj", "{841882FD-2B71-40A3-93A0-1043A55271B9}"
EndProject
Global
	GlobalSection(SolutionConfigurationPlatforms) = preSolution
		Debug|Any CPU = Debug|Any CPU
		Release|Any CPU = Release|Any CPU
	EndGlobalSection
	GlobalSection(ProjectConfigurationPlatforms) = postSolution
		{C3064CF5-0C9E-4704-9A65-5E97C5E46305}.Debug|Any CPU.ActiveCfg = Debug|Any CPU
		{C3064CF5-0C9E-4704-9A65-5E97C5E46305}.Debug|Any CPU.Build.0 = Debug|Any CPU
		{C3064CF5-0C9E-4704-9A65-5E97C5E46305}.Release|Any CPU.ActiveCfg = Release|Any CPU
		{C3064CF5-0C9E-4704-9A65-5E97C5E46305}.Release|Any CPU.Build.0 = Release|Any CPU
		{23F085DC-B5E1-4DA3-97F5-DC985C033D6C}.Debug|Any CPU.ActiveCfg = Debug|Any CPU
		{23F085DC-B5E1-4DA3-97F5-DC985C033D6C}.Debug|Any CPU.Build.0 = Debug|Any CPU
		{23F085DC-B5E1-4DA3-97F5-DC985C033D6C}.Release|Any CPU.ActiveCfg = Release|Any CPU
		{23F085DC-B5E1-4DA3-97F5-DC985C033D6C}.Release|Any CPU.Build.0 = Release|Any CPU
		{841882FD-2B71-40A3-93A0-1043A55271B9}.Debug|Any CPU.ActiveCfg = Debug|Any CPU
		{841882FD-2B71-40A3-93A0-1043A55271B9}.Debug|Any CPU.Build.0 = Debug|Any CPU
		{841882FD-2B71-40A3-93A0-1043A55271B9}.Release|Any CPU.ActiveCfg = Release|Any CPU
		{841882FD-2B71-40A3-93A0-1043A55271B9}.Release|Any CPU.Build.0 = Release|Any CPU
	EndGlobalSection
	GlobalSection(SolutionProperties) = preSolution
		HideSolutionNode = FALSE
	EndGlobalSection
EndGlobal
